
Microsoft Visual Studio Solution File, Format Version 12.00
# Visual Studio Version 17
VisualStudioVersion = 17.12.35527.113 d17.12
MinimumVisualStudioVersion = 10.0.40219.1
Project("{FAE04EC0-301F-11D3-BF4B-00C04F79EFBC}") = "AdmailLdapService", "AdmailLdapService\AdmailLdapService.csproj", "{85B218CD-B9C5-45CE-B159-068EE84BE02F}"
EndProject
Project("{FAE04EC0-301F-11D3-BF4B-00C04F79EFBC}") = "AdmailLdapService.BL", "AdmailLdapService.BL\AdmailLdapService.BL.csproj", "{DB2F8510-162B-4902-8E43-CCB972FDF166}"
EndProject
Project("{FAE04EC0-301F-11D3-BF4B-00C04F79EFBC}") = "AdmailLdapService.DAL", "AdmailLdapService.DAL\AdmailLdapService.DAL.csproj", "{A496D4F5-C6C6-4447-8CD9-0D2CCDB71B3F}"
EndProject
Project("{FAE04EC0-301F-11D3-BF4B-00C04F79EFBC}") = "AdmailLdapService.Models", "AdmailLdapService.Models\AdmailLdapService.Models.csproj", "{A248FE6A-A325-4D29-BD72-4D92D02205D0}"
EndProject
Global
	GlobalSection(SolutionConfigurationPlatforms) = preSolution
		Debug|Any CPU = Debug|Any CPU
		Release|Any CPU = Release|Any CPU
	EndGlobalSection
	GlobalSection(ProjectConfigurationPlatforms) = postSolution
		{85B218CD-B9C5-45CE-B159-068EE84BE02F}.Debug|Any CPU.ActiveCfg = Debug|Any CPU
		{85B218CD-B9C5-45CE-B159-068EE84BE02F}.Debug|Any CPU.Build.0 = Debug|Any CPU
		{85B218CD-B9C5-45CE-B159-068EE84BE02F}.Release|Any CPU.ActiveCfg = Release|Any CPU
		{85B218CD-B9C5-45CE-B159-068EE84BE02F}.Release|Any CPU.Build.0 = Release|Any CPU
		{DB2F8510-162B-4902-8E43-CCB972FDF166}.Debug|Any CPU.ActiveCfg = Debug|Any CPU
		{DB2F8510-162B-4902-8E43-CCB972FDF166}.Debug|Any CPU.Build.0 = Debug|Any CPU
		{DB2F8510-162B-4902-8E43-CCB972FDF166}.Release|Any CPU.ActiveCfg = Release|Any CPU
		{DB2F8510-162B-4902-8E43-CCB972FDF166}.Release|Any CPU.Build.0 = Release|Any CPU
		{A496D4F5-C6C6-4447-8CD9-0D2CCDB71B3F}.Debug|Any CPU.ActiveCfg = Debug|Any CPU
		{A496D4F5-C6C6-4447-8CD9-0D2CCDB71B3F}.Debug|Any CPU.Build.0 = Debug|Any CPU
		{A496D4F5-C6C6-4447-8CD9-0D2CCDB71B3F}.Release|Any CPU.ActiveCfg = Release|Any CPU
		{A496D4F5-C6C6-4447-8CD9-0D2CCDB71B3F}.Release|Any CPU.Build.0 = Release|Any CPU
		{A248FE6A-A325-4D29-BD72-4D92D02205D0}.Debug|Any CPU.ActiveCfg = Debug|Any CPU
		{A248FE6A-A325-4D29-BD72-4D92D02205D0}.Debug|Any CPU.Build.0 = Debug|Any CPU
		{A248FE6A-A325-4D29-BD72-4D92D02205D0}.Release|Any CPU.ActiveCfg = Release|Any CPU
		{A248FE6A-A325-4D29-BD72-4D92D02205D0}.Release|Any CPU.Build.0 = Release|Any CPU
	EndGlobalSection
	GlobalSection(SolutionProperties) = preSolution
		HideSolutionNode = FALSE
	EndGlobalSection
EndGlobal
